
Microsoft Visual Studio Solution File, Format Version 12.00
# Visual Studio Version 17
VisualStudioVersion = 17.12.35527.113
MinimumVisualStudioVersion = 10.0.40219.1
Project("{2150E333-8FDC-42A3-9474-1A3956D46DE8}") = "解决方案项", "解决方案项", "{6AB26710-F9E1-4ABA-A5A5-D3A344D73724}"
EndProject
Project("{FAE04EC0-301F-11D3-BF4B-00C04F79EFBC}") = "MQMailSender", "MQMailSender\MQMailSender.csproj", "{51A16165-5920-4B0C-AF6A-2F3AFA261310}"
EndProject
Global
	GlobalSection(SolutionConfigurationPlatforms) = preSolution
		Debug|Any CPU = Debug|Any CPU
		Release|Any CPU = Release|Any CPU
	EndGlobalSection
	GlobalSection(ProjectConfigurationPlatforms) = postSolution
		{51A16165-5920-4B0C-AF6A-2F3AFA261310}.Debug|Any CPU.ActiveCfg = Debug|Any CPU
		{51A16165-5920-4B0C-AF6A-2F3AFA261310}.Debug|Any CPU.Build.0 = Debug|Any CPU
		{51A16165-5920-4B0C-AF6A-2F3AFA261310}.Release|Any CPU.ActiveCfg = Release|Any CPU
		{51A16165-5920-4B0C-AF6A-2F3AFA261310}.Release|Any CPU.Build.0 = Release|Any CPU
	EndGlobalSection
	GlobalSection(SolutionProperties) = preSolution
		HideSolutionNode = FALSE
	EndGlobalSection
EndGlobal
